// !$*UTF8*$!
{
	archiveVersion = 1;
	classes = {
	};
	objectVersion = 50;
	objects = {

/* Begin PBXBuildFile section */
		DB08029721596F8300442633 /* Errors.swift in Sources */ = {isa = PBXBuildFile; fileRef = DB08029621596F8300442633 /* Errors.swift */; };
		DB08029D2159CAD000442633 /* Services.swift in Sources */ = {isa = PBXBuildFile; fileRef = DB08029C2159CAD000442633 /* Services.swift */; };
		DB18F4A5216D6D03002CDDAB /* CalendarModel.swift in Sources */ = {isa = PBXBuildFile; fileRef = DB18F4A4216D6D03002CDDAB /* CalendarModel.swift */; };
		DB18F4A7216D7463002CDDAB /* CalendarViewCell.swift in Sources */ = {isa = PBXBuildFile; fileRef = DB18F4A6216D7463002CDDAB /* CalendarViewCell.swift */; };
		DB216B4D214CB7DB004818B1 /* Booking.swift in Sources */ = {isa = PBXBuildFile; fileRef = DB216B4C214CB7DB004818B1 /* Booking.swift */; };
		DB216B4F214CBAEC004818B1 /* Constants.swift in Sources */ = {isa = PBXBuildFile; fileRef = DB216B4E214CBAEC004818B1 /* Constants.swift */; };
		DB32EC4C214DADAA003A412D /* Utils.swift in Sources */ = {isa = PBXBuildFile; fileRef = DB32EC4B214DADAA003A412D /* Utils.swift */; };
		DB32EC60214E2AF9003A412D /* BookingDataModel.swift in Sources */ = {isa = PBXBuildFile; fileRef = DB32EC5F214E2AF9003A412D /* BookingDataModel.swift */; };
		DB4C1F10215B0F9A00ADE314 /* Providers.swift in Sources */ = {isa = PBXBuildFile; fileRef = DB4C1F0F215B0F9A00ADE314 /* Providers.swift */; };
		DB54F2D62149D0A8009C85E3 /* Main.storyboard in Resources */ = {isa = PBXBuildFile; fileRef = DB54F2D42149D0A8009C85E3 /* Main.storyboard */; };
		DB6CEC4B215866F90095BE72 /* NetworkLayer.swift in Sources */ = {isa = PBXBuildFile; fileRef = DB6CEC4A215866F90095BE72 /* NetworkLayer.swift */; };
		DB6CEC4D21588A2F0095BE72 /* Token.swift in Sources */ = {isa = PBXBuildFile; fileRef = DB6CEC4C21588A2F0095BE72 /* Token.swift */; };
		DBAE2BCF2148696900711FCF /* NailTrimViewController.swift in Sources */ = {isa = PBXBuildFile; fileRef = DBAE2BCE2148696900711FCF /* NailTrimViewController.swift */; };
		DBAE2BD1214899CD00711FCF /* ProviderViewController.swift in Sources */ = {isa = PBXBuildFile; fileRef = DBAE2BD0214899CD00711FCF /* ProviderViewController.swift */; };
		DBAE2BD321489CF300711FCF /* TimeViewController.swift in Sources */ = {isa = PBXBuildFile; fileRef = DBAE2BD221489CF300711FCF /* TimeViewController.swift */; };
		DBDD491C214739000017304F /* AppDelegate.swift in Sources */ = {isa = PBXBuildFile; fileRef = DBDD491B214739000017304F /* AppDelegate.swift */; };
		DBDD491E214739000017304F /* ServicesViewController.swift in Sources */ = {isa = PBXBuildFile; fileRef = DBDD491D214739000017304F /* ServicesViewController.swift */; };
		DBDD4924214739000017304F /* RabbitHavenServices.xcdatamodeld in Sources */ = {isa = PBXBuildFile; fileRef = DBDD4922214739000017304F /* RabbitHavenServices.xcdatamodeld */; };
		DBDD4926214739010017304F /* Assets.xcassets in Resources */ = {isa = PBXBuildFile; fileRef = DBDD4925214739010017304F /* Assets.xcassets */; };
		DBDD4929214739010017304F /* LaunchScreen.storyboard in Resources */ = {isa = PBXBuildFile; fileRef = DBDD4927214739010017304F /* LaunchScreen.storyboard */; };
		DBFDFB98214F747700E2E998 /* employees.json in Resources */ = {isa = PBXBuildFile; fileRef = DBFDFB97214F747700E2E998 /* employees.json */; };
		DBFDFB9A214F77AF00E2E998 /* offers.json in Resources */ = {isa = PBXBuildFile; fileRef = DBFDFB99214F77AF00E2E998 /* offers.json */; };
/* End PBXBuildFile section */

/* Begin PBXFileReference section */
		DB08029621596F8300442633 /* Errors.swift */ = {isa = PBXFileReference; lastKnownFileType = sourcecode.swift; path = Errors.swift; sourceTree = "<group>"; };
		DB08029C2159CAD000442633 /* Services.swift */ = {isa = PBXFileReference; lastKnownFileType = sourcecode.swift; path = Services.swift; sourceTree = "<group>"; };
		DB18F4A4216D6D03002CDDAB /* CalendarModel.swift */ = {isa = PBXFileReference; lastKnownFileType = sourcecode.swift; path = CalendarModel.swift; sourceTree = "<group>"; };
		DB18F4A6216D7463002CDDAB /* CalendarViewCell.swift */ = {isa = PBXFileReference; lastKnownFileType = sourcecode.swift; path = CalendarViewCell.swift; sourceTree = "<group>"; };
		DB216B4C214CB7DB004818B1 /* Booking.swift */ = {isa = PBXFileReference; lastKnownFileType = sourcecode.swift; path = Booking.swift; sourceTree = "<group>"; };
		DB216B4E214CBAEC004818B1 /* Constants.swift */ = {isa = PBXFileReference; lastKnownFileType = sourcecode.swift; path = Constants.swift; sourceTree = "<group>"; };
		DB32EC4B214DADAA003A412D /* Utils.swift */ = {isa = PBXFileReference; lastKnownFileType = sourcecode.swift; path = Utils.swift; sourceTree = "<group>"; };
		DB32EC5F214E2AF9003A412D /* BookingDataModel.swift */ = {isa = PBXFileReference; fileEncoding = 4; lastKnownFileType = sourcecode.swift; path = BookingDataModel.swift; sourceTree = "<group>"; };
		DB4C1F0F215B0F9A00ADE314 /* Providers.swift */ = {isa = PBXFileReference; lastKnownFileType = sourcecode.swift; path = Providers.swift; sourceTree = "<group>"; };
		DB54F2D52149D0A8009C85E3 /* Base */ = {isa = PBXFileReference; lastKnownFileType = file.storyboard; name = Base; path = Base.lproj/Main.storyboard; sourceTree = "<group>"; };
		DB6CEC4A215866F90095BE72 /* NetworkLayer.swift */ = {isa = PBXFileReference; lastKnownFileType = sourcecode.swift; path = NetworkLayer.swift; sourceTree = "<group>"; };
		DB6CEC4C21588A2F0095BE72 /* Token.swift */ = {isa = PBXFileReference; lastKnownFileType = sourcecode.swift; path = Token.swift; sourceTree = "<group>"; };
		DBAE2BCE2148696900711FCF /* NailTrimViewController.swift */ = {isa = PBXFileReference; lastKnownFileType = sourcecode.swift; path = NailTrimViewController.swift; sourceTree = "<group>"; };
		DBAE2BD0214899CD00711FCF /* ProviderViewController.swift */ = {isa = PBXFileReference; lastKnownFileType = sourcecode.swift; path = ProviderViewController.swift; sourceTree = "<group>"; };
		DBAE2BD221489CF300711FCF /* TimeViewController.swift */ = {isa = PBXFileReference; lastKnownFileType = sourcecode.swift; path = TimeViewController.swift; sourceTree = "<group>"; };
		DBDD4918214739000017304F /* RabbitHavenServices.app */ = {isa = PBXFileReference; explicitFileType = wrapper.application; includeInIndex = 0; path = RabbitHavenServices.app; sourceTree = BUILT_PRODUCTS_DIR; };
		DBDD491B214739000017304F /* AppDelegate.swift */ = {isa = PBXFileReference; lastKnownFileType = sourcecode.swift; path = AppDelegate.swift; sourceTree = "<group>"; };
		DBDD491D214739000017304F /* ServicesViewController.swift */ = {isa = PBXFileReference; lastKnownFileType = sourcecode.swift; path = ServicesViewController.swift; sourceTree = "<group>"; };
		DBDD4923214739000017304F /* RabbitHavenServices.xcdatamodel */ = {isa = PBXFileReference; lastKnownFileType = wrapper.xcdatamodel; path = RabbitHavenServices.xcdatamodel; sourceTree = "<group>"; };
		DBDD4925214739010017304F /* Assets.xcassets */ = {isa = PBXFileReference; lastKnownFileType = folder.assetcatalog; path = Assets.xcassets; sourceTree = "<group>"; };
		DBDD4928214739010017304F /* Base */ = {isa = PBXFileReference; lastKnownFileType = file.storyboard; name = Base; path = Base.lproj/LaunchScreen.storyboard; sourceTree = "<group>"; };
		DBDD492A214739010017304F /* Info.plist */ = {isa = PBXFileReference; lastKnownFileType = text.plist.xml; path = Info.plist; sourceTree = "<group>"; };
		DBFDFB97214F747700E2E998 /* employees.json */ = {isa = PBXFileReference; fileEncoding = 4; lastKnownFileType = text.json; path = employees.json; sourceTree = "<group>"; };
		DBFDFB99214F77AF00E2E998 /* offers.json */ = {isa = PBXFileReference; fileEncoding = 4; lastKnownFileType = text.json; path = offers.json; sourceTree = "<group>"; };
/* End PBXFileReference section */

/* Begin PBXFrameworksBuildPhase section */
		DBDD4915214739000017304F /* Frameworks */ = {
			isa = PBXFrameworksBuildPhase;
			buildActionMask = 2147483647;
			files = (
			);
			runOnlyForDeploymentPostprocessing = 0;
		};
/* End PBXFrameworksBuildPhase section */

/* Begin PBXGroup section */
		DB216B49214CB68D004818B1 /* View */ = {
			isa = PBXGroup;
			children = (
				DB54F2D42149D0A8009C85E3 /* Main.storyboard */,
			);
			path = View;
			sourceTree = "<group>";
		};
		DB216B4A214CB6BC004818B1 /* Model */ = {
			isa = PBXGroup;
			children = (
				DB216B4C214CB7DB004818B1 /* Booking.swift */,
				DB32EC5F214E2AF9003A412D /* BookingDataModel.swift */,
				DB6CEC4C21588A2F0095BE72 /* Token.swift */,
				DB08029C2159CAD000442633 /* Services.swift */,
				DB4C1F0F215B0F9A00ADE314 /* Providers.swift */,
				DB6CEC4A215866F90095BE72 /* NetworkLayer.swift */,
				DB18F4A4216D6D03002CDDAB /* CalendarModel.swift */,
				DB18F4A6216D7463002CDDAB /* CalendarViewCell.swift */,
			);
			path = Model;
			sourceTree = "<group>";
		};
		DB216B4B214CB6CB004818B1 /* Controller */ = {
			isa = PBXGroup;
			children = (
				DBDD491B214739000017304F /* AppDelegate.swift */,
				DBDD491D214739000017304F /* ServicesViewController.swift */,
				DBAE2BCE2148696900711FCF /* NailTrimViewController.swift */,
				DBAE2BD0214899CD00711FCF /* ProviderViewController.swift */,
				DBAE2BD221489CF300711FCF /* TimeViewController.swift */,
			);
			path = Controller;
			sourceTree = "<group>";
		};
		DBDD490F214739000017304F = {
			isa = PBXGroup;
			children = (
				DBDD491A214739000017304F /* RabbitHavenServices */,
				DBDD4919214739000017304F /* Products */,
			);
			sourceTree = "<group>";
		};
		DBDD4919214739000017304F /* Products */ = {
			isa = PBXGroup;
			children = (
				DBDD4918214739000017304F /* RabbitHavenServices.app */,
			);
			name = Products;
			sourceTree = "<group>";
		};
		DBDD491A214739000017304F /* RabbitHavenServices */ = {
			isa = PBXGroup;
			children = (
				DB216B4A214CB6BC004818B1 /* Model */,
				DB216B49214CB68D004818B1 /* View */,
				DB216B4B214CB6CB004818B1 /* Controller */,
				DBDD4925214739010017304F /* Assets.xcassets */,
				DBDD4927214739010017304F /* LaunchScreen.storyboard */,
				DBDD492A214739010017304F /* Info.plist */,
				DBDD4922214739000017304F /* RabbitHavenServices.xcdatamodeld */,
				DB216B4E214CBAEC004818B1 /* Constants.swift */,
				DB08029621596F8300442633 /* Errors.swift */,
				DB32EC4B214DADAA003A412D /* Utils.swift */,
				DBFDFB97214F747700E2E998 /* employees.json */,
				DBFDFB99214F77AF00E2E998 /* offers.json */,
			);
			path = RabbitHavenServices;
			sourceTree = "<group>";
		};
/* End PBXGroup section */

/* Begin PBXNativeTarget section */
		DBDD4917214739000017304F /* RabbitHavenServices */ = {
			isa = PBXNativeTarget;
			buildConfigurationList = DBDD492D214739010017304F /* Build configuration list for PBXNativeTarget "RabbitHavenServices" */;
			buildPhases = (
				DBDD4914214739000017304F /* Sources */,
				DBDD4915214739000017304F /* Frameworks */,
				DBDD4916214739000017304F /* Resources */,
			);
			buildRules = (
			);
			dependencies = (
			);
			name = RabbitHavenServices;
			productName = RabbitHavenServices;
			productReference = DBDD4918214739000017304F /* RabbitHavenServices.app */;
			productType = "com.apple.product-type.application";
		};
/* End PBXNativeTarget section */

/* Begin PBXProject section */
		DBDD4910214739000017304F /* Project object */ = {
			isa = PBXProject;
			attributes = {
				LastSwiftUpdateCheck = 0940;
				LastUpgradeCheck = 0940;
				ORGANIZATIONNAME = "Azure Horse Creations";
				TargetAttributes = {
					DBDD4917214739000017304F = {
						CreatedOnToolsVersion = 9.4.1;
					};
				};
			};
			buildConfigurationList = DBDD4913214739000017304F /* Build configuration list for PBXProject "RabbitHavenServices" */;
			compatibilityVersion = "Xcode 9.3";
			developmentRegion = en;
			hasScannedForEncodings = 0;
			knownRegions = (
				en,
				Base,
			);
			mainGroup = DBDD490F214739000017304F;
			productRefGroup = DBDD4919214739000017304F /* Products */;
			projectDirPath = "";
			projectRoot = "";
			targets = (
				DBDD4917214739000017304F /* RabbitHavenServices */,
			);
		};
/* End PBXProject section */

/* Begin PBXResourcesBuildPhase section */
		DBDD4916214739000017304F /* Resources */ = {
			isa = PBXResourcesBuildPhase;
			buildActionMask = 2147483647;
			files = (
				DB54F2D62149D0A8009C85E3 /* Main.storyboard in Resources */,
				DBFDFB98214F747700E2E998 /* employees.json in Resources */,
				DBDD4929214739010017304F /* LaunchScreen.storyboard in Resources */,
				DBFDFB9A214F77AF00E2E998 /* offers.json in Resources */,
				DBDD4926214739010017304F /* Assets.xcassets in Resources */,
			);
			runOnlyForDeploymentPostprocessing = 0;
		};
/* End PBXResourcesBuildPhase section */

/* Begin PBXSourcesBuildPhase section */
		DBDD4914214739000017304F /* Sources */ = {
			isa = PBXSourcesBuildPhase;
			buildActionMask = 2147483647;
			files = (
				DB32EC60214E2AF9003A412D /* BookingDataModel.swift in Sources */,
				DBAE2BCF2148696900711FCF /* NailTrimViewController.swift in Sources */,
				DBAE2BD321489CF300711FCF /* TimeViewController.swift in Sources */,
				DB32EC4C214DADAA003A412D /* Utils.swift in Sources */,
				DB6CEC4B215866F90095BE72 /* NetworkLayer.swift in Sources */,
				DBAE2BD1214899CD00711FCF /* ProviderViewController.swift in Sources */,
				DB216B4D214CB7DB004818B1 /* Booking.swift in Sources */,
				DB4C1F10215B0F9A00ADE314 /* Providers.swift in Sources */,
				DBDD491E214739000017304F /* ServicesViewController.swift in Sources */,
				DB18F4A5216D6D03002CDDAB /* CalendarModel.swift in Sources */,
				DBDD491C214739000017304F /* AppDelegate.swift in Sources */,
				DB6CEC4D21588A2F0095BE72 /* Token.swift in Sources */,
				DB18F4A7216D7463002CDDAB /* CalendarViewCell.swift in Sources */,
				DBDD4924214739000017304F /* RabbitHavenServices.xcdatamodeld in Sources */,
				DB08029D2159CAD000442633 /* Services.swift in Sources */,
				DB08029721596F8300442633 /* Errors.swift in Sources */,
				DB216B4F214CBAEC004818B1 /* Constants.swift in Sources */,
			);
			runOnlyForDeploymentPostprocessing = 0;
		};
/* End PBXSourcesBuildPhase section */

/* Begin PBXVariantGroup section */
		DB54F2D42149D0A8009C85E3 /* Main.storyboard */ = {
			isa = PBXVariantGroup;
			children = (
				DB54F2D52149D0A8009C85E3 /* Base */,
			);
			name = Main.storyboard;
			sourceTree = "<group>";
		};
		DBDD4927214739010017304F /* LaunchScreen.storyboard */ = {
			isa = PBXVariantGroup;
			children = (
				DBDD4928214739010017304F /* Base */,
			);
			name = LaunchScreen.storyboard;
			sourceTree = "<group>";
		};
/* End PBXVariantGroup section */

/* Begin XCBuildConfiguration section */
		DBDD492B214739010017304F /* Debug */ = {
			isa = XCBuildConfiguration;
			buildSettings = {
				ALWAYS_SEARCH_USER_PATHS = NO;
				CLANG_ANALYZER_NONNULL = YES;
				CLANG_ANALYZER_NUMBER_OBJECT_CONVERSION = YES_AGGRESSIVE;
				CLANG_CXX_LANGUAGE_STANDARD = "gnu++14";
				CLANG_CXX_LIBRARY = "libc++";
				CLANG_ENABLE_MODULES = YES;
				CLANG_ENABLE_OBJC_ARC = YES;
				CLANG_ENABLE_OBJC_WEAK = YES;
				CLANG_WARN_BLOCK_CAPTURE_AUTORELEASING = YES;
				CLANG_WARN_BOOL_CONVERSION = YES;
				CLANG_WARN_COMMA = YES;
				CLANG_WARN_CONSTANT_CONVERSION = YES;
				CLANG_WARN_DEPRECATED_OBJC_IMPLEMENTATIONS = YES;
				CLANG_WARN_DIRECT_OBJC_ISA_USAGE = YES_ERROR;
				CLANG_WARN_DOCUMENTATION_COMMENTS = YES;
				CLANG_WARN_EMPTY_BODY = YES;
				CLANG_WARN_ENUM_CONVERSION = YES;
				CLANG_WARN_INFINITE_RECURSION = YES;
				CLANG_WARN_INT_CONVERSION = YES;
				CLANG_WARN_NON_LITERAL_NULL_CONVERSION = YES;
				CLANG_WARN_OBJC_IMPLICIT_RETAIN_SELF = YES;
				CLANG_WARN_OBJC_LITERAL_CONVERSION = YES;
				CLANG_WARN_OBJC_ROOT_CLASS = YES_ERROR;
				CLANG_WARN_RANGE_LOOP_ANALYSIS = YES;
				CLANG_WARN_STRICT_PROTOTYPES = YES;
				CLANG_WARN_SUSPICIOUS_MOVE = YES;
				CLANG_WARN_UNGUARDED_AVAILABILITY = YES_AGGRESSIVE;
				CLANG_WARN_UNREACHABLE_CODE = YES;
				CLANG_WARN__DUPLICATE_METHOD_MATCH = YES;
				CODE_SIGN_IDENTITY = "iPhone Developer";
				COPY_PHASE_STRIP = NO;
				DEBUG_INFORMATION_FORMAT = dwarf;
				ENABLE_STRICT_OBJC_MSGSEND = YES;
				ENABLE_TESTABILITY = YES;
				GCC_C_LANGUAGE_STANDARD = gnu11;
				GCC_DYNAMIC_NO_PIC = NO;
				GCC_NO_COMMON_BLOCKS = YES;
				GCC_OPTIMIZATION_LEVEL = 0;
				GCC_PREPROCESSOR_DEFINITIONS = (
					"DEBUG=1",
					"$(inherited)",
				);
				GCC_WARN_64_TO_32_BIT_CONVERSION = YES;
				GCC_WARN_ABOUT_RETURN_TYPE = YES_ERROR;
				GCC_WARN_UNDECLARED_SELECTOR = YES;
				GCC_WARN_UNINITIALIZED_AUTOS = YES_AGGRESSIVE;
				GCC_WARN_UNUSED_FUNCTION = YES;
				GCC_WARN_UNUSED_VARIABLE = YES;
				IPHONEOS_DEPLOYMENT_TARGET = 12.0;
				MTL_ENABLE_DEBUG_INFO = YES;
				ONLY_ACTIVE_ARCH = YES;
				SDKROOT = iphoneos;
				SWIFT_ACTIVE_COMPILATION_CONDITIONS = DEBUG;
				SWIFT_OPTIMIZATION_LEVEL = "-Onone";
			};
			name = Debug;
		};
		DBDD492C214739010017304F /* Release */ = {
			isa = XCBuildConfiguration;
			buildSettings = {
				ALWAYS_SEARCH_USER_PATHS = NO;
				CLANG_ANALYZER_NONNULL = YES;
				CLANG_ANALYZER_NUMBER_OBJECT_CONVERSION = YES_AGGRESSIVE;
				CLANG_CXX_LANGUAGE_STANDARD = "gnu++14";
				CLANG_CXX_LIBRARY = "libc++";
				CLANG_ENABLE_MODULES = YES;
				CLANG_ENABLE_OBJC_ARC = YES;
				CLANG_ENABLE_OBJC_WEAK = YES;
				CLANG_WARN_BLOCK_CAPTURE_AUTORELEASING = YES;
				CLANG_WARN_BOOL_CONVERSION = YES;
				CLANG_WARN_COMMA = YES;
				CLANG_WARN_CONSTANT_CONVERSION = YES;
				CLANG_WARN_DEPRECATED_OBJC_IMPLEMENTATIONS = YES;
				CLANG_WARN_DIRECT_OBJC_ISA_USAGE = YES_ERROR;
				CLANG_WARN_DOCUMENTATION_COMMENTS = YES;
				CLANG_WARN_EMPTY_BODY = YES;
				CLANG_WARN_ENUM_CONVERSION = YES;
				CLANG_WARN_INFINITE_RECURSION = YES;
				CLANG_WARN_INT_CONVERSION = YES;
				CLANG_WARN_NON_LITERAL_NULL_CONVERSION = YES;
				CLANG_WARN_OBJC_IMPLICIT_RETAIN_SELF = YES;
				CLANG_WARN_OBJC_LITERAL_CONVERSION = YES;
				CLANG_WARN_OBJC_ROOT_CLASS = YES_ERROR;
				CLANG_WARN_RANGE_LOOP_ANALYSIS = YES;
				CLANG_WARN_STRICT_PROTOTYPES = YES;
				CLANG_WARN_SUSPICIOUS_MOVE = YES;
				CLANG_WARN_UNGUARDED_AVAILABILITY = YES_AGGRESSIVE;
				CLANG_WARN_UNREACHABLE_CODE = YES;
				CLANG_WARN__DUPLICATE_METHOD_MATCH = YES;
				CODE_SIGN_IDENTITY = "iPhone Developer";
				COPY_PHASE_STRIP = NO;
				DEBUG_INFORMATION_FORMAT = "dwarf-with-dsym";
				ENABLE_NS_ASSERTIONS = NO;
				ENABLE_STRICT_OBJC_MSGSEND = YES;
				GCC_C_LANGUAGE_STANDARD = gnu11;
				GCC_NO_COMMON_BLOCKS = YES;
				GCC_WARN_64_TO_32_BIT_CONVERSION = YES;
				GCC_WARN_ABOUT_RETURN_TYPE = YES_ERROR;
				GCC_WARN_UNDECLARED_SELECTOR = YES;
				GCC_WARN_UNINITIALIZED_AUTOS = YES_AGGRESSIVE;
				GCC_WARN_UNUSED_FUNCTION = YES;
				GCC_WARN_UNUSED_VARIABLE = YES;
				IPHONEOS_DEPLOYMENT_TARGET = 12.0;
				MTL_ENABLE_DEBUG_INFO = NO;
				SDKROOT = iphoneos;
				SWIFT_COMPILATION_MODE = wholemodule;
				SWIFT_OPTIMIZATION_LEVEL = "-O";
				VALIDATE_PRODUCT = YES;
			};
			name = Release;
		};
		DBDD492E214739010017304F /* Debug */ = {
			isa = XCBuildConfiguration;
			buildSettings = {
				ASSETCATALOG_COMPILER_APPICON_NAME = AppIcon;
				CODE_SIGN_STYLE = Automatic;
				DEVELOPMENT_TEAM = 92S6VPY8H9;
				INFOPLIST_FILE = RabbitHavenServices/Info.plist;
				IPHONEOS_DEPLOYMENT_TARGET = 11.0;
				LD_RUNPATH_SEARCH_PATHS = (
					"$(inherited)",
					"@executable_path/Frameworks",
				);
				PRODUCT_BUNDLE_IDENTIFIER = com.azurehorsecreations.RabbitHavenServices;
				PRODUCT_NAME = "$(TARGET_NAME)";
				SWIFT_VERSION = 4.0;
				TARGETED_DEVICE_FAMILY = "1,2";
			};
			name = Debug;
		};
		DBDD492F214739010017304F /* Release */ = {
			isa = XCBuildConfiguration;
			buildSettings = {
				ASSETCATALOG_COMPILER_APPICON_NAME = AppIcon;
				CODE_SIGN_STYLE = Automatic;
				DEVELOPMENT_TEAM = 92S6VPY8H9;
				INFOPLIST_FILE = RabbitHavenServices/Info.plist;
				IPHONEOS_DEPLOYMENT_TARGET = 11.0;
				LD_RUNPATH_SEARCH_PATHS = (
					"$(inherited)",
					"@executable_path/Frameworks",
				);
				PRODUCT_BUNDLE_IDENTIFIER = com.azurehorsecreations.RabbitHavenServices;
				PRODUCT_NAME = "$(TARGET_NAME)";
				SWIFT_VERSION = 4.0;
				TARGETED_DEVICE_FAMILY = "1,2";
			};
			name = Release;
		};
/* End XCBuildConfiguration section */

/* Begin XCConfigurationList section */
		DBDD4913214739000017304F /* Build configuration list for PBXProject "RabbitHavenServices" */ = {
			isa = XCConfigurationList;
			buildConfigurations = (
				DBDD492B214739010017304F /* Debug */,
				DBDD492C214739010017304F /* Release */,
			);
			defaultConfigurationIsVisible = 0;
			defaultConfigurationName = Release;
		};
		DBDD492D214739010017304F /* Build configuration list for PBXNativeTarget "RabbitHavenServices" */ = {
			isa = XCConfigurationList;
			buildConfigurations = (
				DBDD492E214739010017304F /* Debug */,
				DBDD492F214739010017304F /* Release */,
			);
			defaultConfigurationIsVisible = 0;
			defaultConfigurationName = Release;
		};
/* End XCConfigurationList section */

/* Begin XCVersionGroup section */
		DBDD4922214739000017304F /* RabbitHavenServices.xcdatamodeld */ = {
			isa = XCVersionGroup;
			children = (
				DBDD4923214739000017304F /* RabbitHavenServices.xcdatamodel */,
			);
			currentVersion = DBDD4923214739000017304F /* RabbitHavenServices.xcdatamodel */;
			path = RabbitHavenServices.xcdatamodeld;
			sourceTree = "<group>";
			versionGroupType = wrapper.xcdatamodel;
		};
/* End XCVersionGroup section */
	};
	rootObject = DBDD4910214739000017304F /* Project object */;
}
